{
    "_meta": {
        "hash": {
            "sha256": "25056feefff21aca3ba6acf4940542750b29423677e8c6ecbef1aff952b63f4f"
        },
        "pipfile-spec": 6,
        "requires": {
            "python_version": "3.6"
        },
        "sources": [
            {
                "name": "pypi",
                "url": "https://pypi.python.org/simple",
                "verify_ssl": true
            }
        ]
    },
    "default": {
        "aiodns": {
            "hashes": [
                "sha256:99d0652f2c02f73bfa646bf44af82705260a523014576647d7959e664830b26b",
                "sha256:d8677adc679ce8d0ef706c14d9c3d2f27a0e0cc11d59730cdbaf218ad52dd9ea"
            ],
            "index": "pypi",
            "version": "==1.1.1"
        },
        "aiohttp": {
            "hashes": [
                "sha256:1a3cee4cd10de0ce6c37d7a35f437baa70ca87272a0ccd3d3e1a0383de2f189a",
                "sha256:25983293a073ae530bd4027fb82a9f16fcfe48335873582946d2dc3ed64337f0",
                "sha256:33630a2dc90fee1e05bd1b57cde51d65b571c61494a1a91772c8bc0896acb5c8",
                "sha256:390c1a2c7799519b3755a6e3f660842c3b1544e92a10ecd309ea97ce5c8c713d",
                "sha256:52fcb205ab8a43ddaf182c928f84e998a02213139b2b2636a26249569d9518bd",
                "sha256:5c5de2bc5004c2c60e5f256978ad711c1fb4dca00890ac7884ed92c6aa520608",
                "sha256:65b61cec34628c5a2e047f93555d93c29f4e29169839b421f62206b9f317f7ae",
                "sha256:98f0172f7760597b636431b7651f020b8dba6a816b2d7e263afa54a4f2f4d0a6",
                "sha256:9fcef0489e3335b200d31a9c1fb6ba80fdafe14cd82b971168c2f9fa1e4508ad",
                "sha256:aeb5f0ef22896122fa5a84bf37202d3f6ee2404f12176608259bc408509f4883",
                "sha256:b03578ad3f5ba6fa8b8614bd3628c4c33de92bd23af95ebd8f4de66bac35d3d8",
                "sha256:bc50ec0dd5887844653ce5d2dd5dab93fd2e2af44d4be65d6d5306fb4039f2bf",
                "sha256:c7a55a2bf7433ddf753ed46cf5a733c787524a41b933799541075dd8db9ead1b",
                "sha256:f883507d537a838d496755a14a41f2c34c7af5f39d7627e15d6b2a27578705b7",
                "sha256:feb271ced50b689b2e4d969a5bfb0a1cfd0cc05dd11cdde4e42d93e009e0b900"
            ],
            "index": "pypi",
            "version": "==3.1.3"
        },
        "aioredis": {
            "hashes": [
                "sha256:4aae2234131ac29539f0f780dccecc5a3ffcf499bcf48176debee7de7816eae2",
                "sha256:836fed8f3314ea35b56a2aff319e8c50308dbc430e4835dc66d63f11420ac443"
            ],
            "index": "pypi",
            "version": "==0.3.5"
        },
        "async-timeout": {
            "hashes": [
                "sha256:00cff4d2dce744607335cba84e9929c3165632da2d27970dbc55802a0c7873d0",
                "sha256:9093db5b8ddbe4b8f6885d1a6e0ad84ae3155464cbf6877c387605244c285f3c"
            ],
            "version": "==2.0.1"
        },
        "attrs": {
            "hashes": [
                "sha256:1c7960ccfd6a005cd9f7ba884e6316b5e430a3f1a6c37c5f87d8b43f83b54ec9",
                "sha256:a17a9573a6f475c99b551c0e0a812707ddda1ec9653bed04c13841404ed6f450"
            ],
            "version": "==17.4.0"
        },
        "chardet": {
            "hashes": [
                "sha256:84ab92ed1c4d4f16916e05906b6b75a6c0fb5db821cc65e70cbd64a3e2a5eaae",
                "sha256:fc323ffcaeaed0e0a02bf4d117757b98aed530d9ed4531e3e15460124c106691"
            ],
            "version": "==3.0.4"
        },
        "docopt": {
            "hashes": [
                "sha256:49b3a825280bd66b3aa83585ef59c4a8c82f2c8a522dbe754a8bc8d08c85c491"
            ],
            "version": "==0.6.2"
        },
        "hbmqtt": {
            "hashes": [
                "sha256:380a42018df78c480488659183341c369ae3cd0375914f77f979250bcacb21ae",
                "sha256:6f61e05007648a4f33e300fafcf42776ca95508ba1141799f94169427ce5018c"
            ],
            "index": "pypi",
            "version": "==0.9.2"
        },
        "hiredis": {
            "hashes": [
                "sha256:ca958e13128e49674aa4a96f02746f5de5973f39b57297b84d59fd44d314d5b5"
            ],
            "version": "==0.2.0"
        },
        "idna": {
            "hashes": [
                "sha256:2c6a5de3089009e3da7c5dde64a141dbc8551d5b7f6cf4ed7c2568d0cc520a8f",
                "sha256:8c7309c718f94b3a625cb648ace320157ad16ff131ae0af362c9f21b80ef6ec4"
            ],
            "version": "==2.6"
        },
        "idna-ssl": {
            "hashes": [
                "sha256:1293f030bc608e9aa9cdee72aa93c1521bbb9c7698068c61c9ada6772162b979"
            ],
            "version": "==1.0.1"
        },
        "jsonschema": {
            "hashes": [
                "sha256:000e68abd33c972a5248544925a0cae7d1125f9bf6c58280d37546b946769a08",
                "sha256:6ff5f3180870836cae40f06fa10419f557208175f13ad7bc26caa77beb1f6e02"
            ],
            "index": "pypi",
            "version": "==2.6.0"
        },
        "motor": {
            "hashes": [
                "sha256:ed4aff66c625efe01398e8416fd1f35f00be77cc5afb242172ee3d03a0307c04"
            ],
            "index": "pypi",
            "version": "==1.2.1"
        },
        "multidict": {
            "hashes": [
                "sha256:0dcf4f2893bf22839c7bd825f688d5fe60c8eb989b4eb817103a71d7f84058e5",
                "sha256:1524bb334b605f6c7cf447e19e70d6fb96f68aefefe018bdceb9674572548c45",
                "sha256:1b93d1b72b12566a6e238acb4f547cdf6de069c5b555faabfe9071852434b61a",
                "sha256:24052724195e46872739faa10c611957bbaceae28eec92e1ce49150b115ec5ed",
                "sha256:27643705c5a04cfbf7834b914e5367618f77b2692f920c734b18f476ea328f04",
                "sha256:2b07135edc953e6a7e94d8628868715093efb015fc6a0ebf54c5ecd84064e5f8",
                "sha256:3876b617228d60d655062f9ddaecb0f770777b8ae753e661de9a7d5eb4ef2933",
                "sha256:3f11e31935d20822c977397e9ec868ab2287c82461bc74663c7df1bd8a5b61d0",
                "sha256:4e0dbf5a204c462d6b129b9598e5124077244a9b91c255c5341f679472dc54a5",
                "sha256:5a56ec27a528fce6a3fdf537929b039b8af01edec761b09f7fcde3915d3fbbe7",
                "sha256:5bd46d01a49264f059d4c7b1f26cb5cbbcacb549edb77ad5caa2070ec4bffe47",
                "sha256:6e5128658f82cd8d1830f159027c2be0af496b1b6aa710353a6c862a9285bc89",
                "sha256:6ef4cf27db3424bcc6e7f9ead3abee53bca2c3a1db5821585cb3e386ae55178f",
                "sha256:7aeccfbc7ccc29dcceca11ee295f5a267b093d90cf50808d4649d87e72bdbd89",
                "sha256:7c43ca71db568e13d301e3a6153996a3e0da5d4b19c3517d2418fa5775d2d173",
                "sha256:9deae50f23511e5639fadf8df68917027535e090b163c5bbb03e26f6a208dbfc",
                "sha256:aab8e9063ff623387f72c04b55c43211da2edd4e0db9943057522a995c330877",
                "sha256:ae1002b4c793a6b88c8208c8a312038185ffcf76a57fdbe6c5d0f62052737a65",
                "sha256:af340843de65c4d678379e8e0b5bcfd2e614da8ed666f1ba006704fe456edbba",
                "sha256:d3161a3697f8a332aa86da1402f4020499d50ccedc6eb3d8a40d5e3aca3c2afd",
                "sha256:eafe84d62e45b17c82483a6b4b1a9757c91a1d6d9511d8b32ded52936582fdcb",
                "sha256:f16c517bb33c8ce75ba5e8d5212e3591bc59f4ab837b5b9906a3ee5868180449"
            ],
            "version": "==4.2.0"
        },
        "passlib": {
            "hashes": [
                "sha256:3d948f64138c25633613f303bcc471126eae67c04d5e3f6b7b8ce6242f8653e0",
                "sha256:43526aea08fa32c6b6dbbbe9963c4c767285b78147b7437597f992812f69d280"
            ],
            "version": "==1.7.1"
        },
        "pijon": {
            "hashes": [
                "sha256:235a796ecd1dd5f91e4bc9ff0aa38d551ab6fe55845c442953ac66b71b6af34d"
            ],
            "index": "pypi",
            "version": "==0.1.2"
        },
        "pycares": {
            "hashes": [
                "sha256:0e81c971236bb0767354f1456e67ab6ae305f248565ce77cd413a311f9572bf5",
                "sha256:11c0ff3ccdb5a838cbd59a4e59df35d31355a80a61393bca786ca3b44569ba10",
                "sha256:170d62bd300999227e64da4fa85459728cc96e62e44780bbc86a915fdae01f78",
                "sha256:36f4c03df57c41a87eb3d642201684eb5a8bc194f4bafaa9f60ee6dc0aef8e40",
                "sha256:371ce688776da984c4105c8ca760cc60944b9b49ccf8335c71dc7669335e6173",
                "sha256:3a2234516f7db495083d8bba0ccdaabae587e62cfcd1b8154d5d0b09d3a48dfc",
                "sha256:3f288586592c697109b2b06e3988b7e17d9765887b5fc367010ee8500cbddc86",
                "sha256:40134cee03c8bbfbc644d4c0bc81796e12dd012a5257fb146c5a5417812ee5f7",
                "sha256:722f5d2c5f78d47b13b0112f6daff43ce4e08e8152319524d14f1f917cc5125e",
                "sha256:7b18fab0ed534a898552df91bc804bd62bb3a2646c11e054baca14d23663e1d6",
                "sha256:8a39d03bd99ea191f86b990ef67ecce878d6bf6518c5cde9173fb34fb36beb5e",
                "sha256:8ea263de8bf1a30b0d87150b4aa0e3203cf93bc1723ea3e7408a7d25e1299217",
                "sha256:943e2dc67ff45ab4c81d628c959837d01561d7e185080ab7a276b8ca67573fb5",
                "sha256:9d56a54c93e64b30c0d31f394d9890f175edec029cd846221728f99263cdee82",
                "sha256:b95b339c11d824f0bb789d31b91c8534916fcbdce248cccce216fa2630bb8a90",
                "sha256:bbfd9aba1e172cd2ab7b7142d49b28cf44d6451c4a66a870aff1dc3cb84849c7",
                "sha256:d8637bcc2f901aa61ec1d754abc862f9f145cb0346a0249360df4c159377018e",
                "sha256:e2446577eeea79d2179c9469d9d4ce3ab8a07d7985465c3cb91e7d74abc329b6",
                "sha256:e72fa163f37ae3b09f143cc6690a36f012d13e905d142e1beed4ec0e593ff657",
                "sha256:f32b7c63094749fbc0c1106c9a785666ec8afd49ecfe7002a30bb7c42e62b47c",
                "sha256:f50be4dd53f009cfb4b98c3c6b240e18ff9b17e3f1c320bd594bb83eddabfcb2"
            ],
            "version": "==2.3.0"
        },
        "pymongo": {
            "hashes": [
                "sha256:051770590ddbd5fb7db17d3315d4c1b0f18039d830dd18e1bae39451c30d31cd",
                "sha256:061085dfe4fbf1d9d6ed2f2e52fe6ab72559e48b4294370b433751638160d10b",
                "sha256:07fdee1c5567f237796a8550233e04853785d8dcf95929f96ab519ed91543109",
                "sha256:0d98731aaea8cb32b535c376f6785927e4e3d9459ffe1440b8a639827a849350",
                "sha256:10f683950f70626ccedf4a662d1c0b3244e8e013c2067872af5633830abd1bfd",
                "sha256:192ee5e33821931f4ec6df5fff4361220c0c92bb5b7437c6db52e20a0c9b4d98",
                "sha256:2954b99cfeb76776879e9f8a4cae9c5e19d5eff92d0b7b663ceddcf192adb66b",
                "sha256:36a992e02fced328de5304145dc3729a8cea12e58ad34b842a6f46d7941c9fc7",
                "sha256:419ed5d5b76ef304815f354d9df7f2085acfd6ff7cc1b714ca702e2239b341c2",
                "sha256:42ec201fd9a26e7c1e611e3db19324dead51dd4646391492eb238b41749340e8",
                "sha256:4400fa92af310bf66b76c313c7ded3bb63f3d63b4f43c3bfbff552cf294dc9fa",
                "sha256:44abdc26989600bb03b62d57616ec7c1b9182290720167c39e38c3a2b0d44e44",
                "sha256:45fb9f589c0f35436dbe391c53a387ffffa8d086b8521a86fca4f3e1d0edbf71",
                "sha256:4807dfbb5cdcfe0224329992dc48b897c780d0ad7553c3799d34f84ba5cab446",
                "sha256:54daf67e1e7e7e5a5160c86123bdd39b1d3b25876c2ab38230dc2a764cb3d98f",
                "sha256:5f2814a9492a724fd77c90ffc01f810276ef9972ae02587bfaae40835f9b8407",
                "sha256:5fd6ce5ed3c6c92d2c94756e6bf041304e5c7c5a5dbea31b8957d52a78bdf01d",
                "sha256:601e00fe7fb283f04c95f5dafb787c0862f48ca015a6f1f81b460c74e4303873",
                "sha256:63a47a97b5cb4c67c86552b15e08df12ff026a648211120adf5ebe00453e85e9",
                "sha256:6c4459d5c2b45ba55e14360e03078426015c1b0881facaec51bd9bd9e2304cec",
                "sha256:7fbd9233e8b6741b047c5857e2ad5efb74091f167d7fa8a2a3379217165058f9",
                "sha256:7ffac35362c07c103b024b89875e8d7f0625129b65c56fa8a3ecebbd56110405",
                "sha256:833bc6cb2ec7058dea9f5840a9314ac74738d2117486a044e88f3976e37ea7a0",
                "sha256:92cb26a2a9b38e8df5215803f950b20a6c847d5e00d1dd125eaa84f05f9472d7",
                "sha256:97d6a218c4ad4f8fdde0143776d5224e884cbcfe631e7446379fa1790d8cf04f",
                "sha256:9e5f0e8967d95a256038817460844a8aab588b9bc9ba6296507a1863960a0e44",
                "sha256:9e6db7ff63fb836d56e62216e10e868c23a99f3cb02875411eb2cb787acf58c7",
                "sha256:a0a695eef38c15570f6da3b4900e1a1d85fa92c754177d5f05267b49da79c92b",
                "sha256:aa46076524471729430afacca3dd8ad4578878eca6fc9e2b593a0b381b5bbeb7",
                "sha256:abf83b908e535b1386a7732825994e6e36eff6394c1829f3e7a23888136484fa",
                "sha256:adb2dba52c8a2a2d7bcd3b267f7bbf7c822850cf6a7cd15211b9f386c3a670ef",
                "sha256:ae7b3479822a03f6f651913de84ba67101f23e051ae88034085e974f472dcfff",
                "sha256:c596af57286ef28cae7a48e3070d222f96f5f0eab76ad39d680ae6b9bbc957c7",
                "sha256:cc15b30f0ac518e6cbd4b6e6e6162f8aa14edfe255d0841146f146151bd58865",
                "sha256:d23498d62063b715078947bef48fa4d34dc354f3b268ed15dc6b46fc809a88e9",
                "sha256:dd29bb5bc9068ccc248c8c145efd839421f04363b468b47cfa2d4902ca369afe",
                "sha256:e2745dd408a26d4517702d1686afc8e1e1638d2167e857c684f912192cc00dcf",
                "sha256:e53ad0cc6c489f83e7f6bb6121aa73bb6f6488410024a3bd77c16af1aa3a1000",
                "sha256:ecb11113407d919f8714cc7d0841985044633d0b561ef3d797e1b494a3e73537",
                "sha256:ece2c2add66d3ec2720a963bf073ca11fc3b0b58159767fc3bc5ddaad791d481",
                "sha256:ef25c8675f5c8c19832f69cd97d728d99bb4ab9c3b200e28a5c8416631afaf3c",
                "sha256:f62a818d643776873713c5676f17bd95ac4176220b13dd12c14edd3a450d1ac9",
                "sha256:f7ebcb846962ee40374db2d9014a89bea9c983ae63c1877957c3a0a756974796"
            ],
            "version": "==3.6.1"
        },
        "pyyaml": {
            "hashes": [
                "sha256:0c507b7f74b3d2dd4d1322ec8a94794927305ab4cebbe89cc47fe5e81541e6e8",
                "sha256:16b20e970597e051997d90dc2cddc713a2876c47e3d92d59ee198700c5427736",
                "sha256:3262c96a1ca437e7e4763e2843746588a965426550f3797a79fca9c6199c431f",
                "sha256:326420cbb492172dec84b0f65c80942de6cedb5233c413dd824483989c000608",
                "sha256:4474f8ea030b5127225b8894d626bb66c01cda098d47a2b0d3429b6700af9fd8",
                "sha256:592766c6303207a20efc445587778322d7f73b161bd994f227adaa341ba212ab",
                "sha256:5ac82e411044fb129bae5cfbeb3ba626acb2af31a8d17d175004b70862a741a7",
                "sha256:5f84523c076ad14ff5e6c037fe1c89a7f73a3e04cf0377cb4d017014976433f3",
                "sha256:827dc04b8fa7d07c44de11fabbc888e627fa8293b695e0f99cb544fdfa1bf0d1",
                "sha256:b4c423ab23291d3945ac61346feeb9a0dc4184999ede5e7c43e1ffb975130ae6",
                "sha256:bc6bced57f826ca7cb5125a10b23fd0f2fff3b7c4701d64c439a300ce665fff8",
                "sha256:c01b880ec30b5a6e6aa67b09a2fe3fb30473008c85cd6a67359a1b15ed6d83a4",
                "sha256:ca233c64c6e40eaa6c66ef97058cdc80e8d0157a443655baa1b2966e812807ca",
                "sha256:e863072cdf4c72eebf179342c94e6989c67185842d9997960b3e69290b2fa269"
            ],
            "version": "==3.12"
        },
        "six": {
            "hashes": [
                "sha256:70e8a77beed4562e7f14fe23a786b54f6296e34344c23bc42f07b15018ff98e9",
                "sha256:832dc0e10feb1aa2c68dcc57dbb658f1c7e65b9b61af69048abc87a2db00a0eb"
            ],
            "version": "==1.11.0"
        },
        "transitions": {
            "hashes": [
                "sha256:582e0698a9e5a6448de4516fe9e61b439d10242a0387ca9885fbfad0560dc2c6",
                "sha256:f72b6c5fcac3d1345bbf829e1a48a810255bcb4fc2c11a634af68107c378c1be"
            ],
            "version": "==0.6.5"
        },
        "tukio": {
            "hashes": [
                "sha256:18d0abb2305e6c9255d69489e4cc7f9e3ff45b1bc60df2315c33be47fbb74227"
            ],
            "index": "pypi",
            "version": "==0.15.4"
        },
        "websockets": {
            "hashes": [
                "sha256:0c31bc832d529dc7583d324eb6c836a4f362032a1902723c112cf57883488d8c",
                "sha256:1f3e5a52cab6daa3d432c7b0de0a14109be39d2bfaad033ee5de4a3d3e11dcdf",
                "sha256:341824d8c9ad53fc43cca3fa9407f294125fa258592f7676640396501448e57e",
                "sha256:367ff945bc0950ad9634591e2afe50bf2222bc4fad1088a386c4bb700888026e",
                "sha256:3859ca16c229ddb0fa21c5090e4efcb037c08ce69b0c1dfed6122c3f98cd0c22",
                "sha256:3d425ae081fb4ba1eef9ecf30472ffd79f8e868297ccc7a47993c96dbf2a819c",
                "sha256:64896a6b3368c959b8096b655e46f03dfa65b96745249f374bd6a35705cc3489",
                "sha256:6df87698022aef2596bffdfecc96d656db59c8d719708c8a471daa815ee61656",
                "sha256:80188abdadd23edaaea05ce761dc9a2e1df31a74a0533967f0dcd9560c85add0",
                "sha256:d1a0572b6edb22c9208e3e5381064e09d287d2a915f90233fef994ee7a14a935",
                "sha256:da4d4fbe059b0453e726d6d993760065d69b823a27efc3040402a6fcfe6a1ed9",
                "sha256:da7610a017f5343fdf765f4e0eb6fd0dfd08264ca1565212b110836d9367fc9c",
                "sha256:ebdd4f18fe7e3bea9bd3bf446b0f4117739478caa2c76e4f0fb72cc45b03cbd7",
                "sha256:f5192da704535a7cbf76d6e99c1ec4af7e8d1288252bf5a2385d414509ded0cf",
                "sha256:fd81af8cf3e69f9a97f3a6c0623a0527de0f922c2df725f00cd7646d478af632",
                "sha256:fecf51c13195c416c22422353b306dddb9c752e4b80b21e0fa1fccbe38246677"
            ],
            "version": "==4.0.1"
        },
        "yarl": {
            "hashes": [
                "sha256:045dbba18c9142278113d5dc62622978a6f718ba662392d406141c59b540c514",
                "sha256:17e57a495efea42bcfca08b49e16c6d89e003acd54c99c903ea1cb3de0ba1248",
                "sha256:213e8f54b4a942532d6ac32314c69a147d3b82fa1725ca05061b7c1a19a1d9b1",
                "sha256:3353fae45d93cc3e7e41bfcb1b633acc37db821d368e660b03068dbfcf68f8c8",
                "sha256:51a084ff8756811101f8b5031a14d1c2dd26c666976e1b18579c6b1c8761a102",
                "sha256:5580f22ac1298261cd24e8e584180d83e2cca9a6167113466d2d16cb2aa1f7b1",
                "sha256:64727a2593fdba5d6ef69e94eba793a196deeda7152c7bd3a64edda6b1f95f6e",
                "sha256:6e75753065c310befab71c5077a59b7cb638d2146b1cfbb1c3b8f08b51362714",
                "sha256:7236eba4911a5556b497235828e7a4bc5d90957efa63b7c4b3e744d2d2cf1b94",
                "sha256:a69dd7e262cdb265ac7d5e929d55f2f3d07baaadd158c8f19caebf8dde08dfe8",
                "sha256:d9ca55a5a297408f08e5401c23ad22bd9f580dab899212f0d5dc1830f0909404",
                "sha256:e072edbd1c5628c0b8f97d00cf6c9fcd6a4ee2b5ded10d463fcb6eaa066cf40c",
                "sha256:e9a6a319c4bbfb57618f207e86a7c519ab0f637be3d2366e4cdac271577834b8"
            ],
            "version": "==1.1.1"
        }
    },
    "develop": {
        "aiohttp": {
            "hashes": [
                "sha256:1a3cee4cd10de0ce6c37d7a35f437baa70ca87272a0ccd3d3e1a0383de2f189a",
                "sha256:25983293a073ae530bd4027fb82a9f16fcfe48335873582946d2dc3ed64337f0",
                "sha256:33630a2dc90fee1e05bd1b57cde51d65b571c61494a1a91772c8bc0896acb5c8",
                "sha256:390c1a2c7799519b3755a6e3f660842c3b1544e92a10ecd309ea97ce5c8c713d",
                "sha256:52fcb205ab8a43ddaf182c928f84e998a02213139b2b2636a26249569d9518bd",
                "sha256:5c5de2bc5004c2c60e5f256978ad711c1fb4dca00890ac7884ed92c6aa520608",
                "sha256:65b61cec34628c5a2e047f93555d93c29f4e29169839b421f62206b9f317f7ae",
                "sha256:98f0172f7760597b636431b7651f020b8dba6a816b2d7e263afa54a4f2f4d0a6",
                "sha256:9fcef0489e3335b200d31a9c1fb6ba80fdafe14cd82b971168c2f9fa1e4508ad",
                "sha256:aeb5f0ef22896122fa5a84bf37202d3f6ee2404f12176608259bc408509f4883",
                "sha256:b03578ad3f5ba6fa8b8614bd3628c4c33de92bd23af95ebd8f4de66bac35d3d8",
                "sha256:bc50ec0dd5887844653ce5d2dd5dab93fd2e2af44d4be65d6d5306fb4039f2bf",
                "sha256:c7a55a2bf7433ddf753ed46cf5a733c787524a41b933799541075dd8db9ead1b",
                "sha256:f883507d537a838d496755a14a41f2c34c7af5f39d7627e15d6b2a27578705b7",
                "sha256:feb271ced50b689b2e4d969a5bfb0a1cfd0cc05dd11cdde4e42d93e009e0b900"
            ],
            "index": "pypi",
            "version": "==3.1.3"
        },
        "async-timeout": {
            "hashes": [
                "sha256:00cff4d2dce744607335cba84e9929c3165632da2d27970dbc55802a0c7873d0",
                "sha256:9093db5b8ddbe4b8f6885d1a6e0ad84ae3155464cbf6877c387605244c285f3c"
            ],
            "version": "==2.0.1"
        },
        "asynctest": {
            "hashes": [
                "sha256:0c3ed726527b3df21e60abb9c4de8a60b76bb80a3a5f6264f2c1267fa053a28f"
            ],
            "index": "pypi",
            "version": "==0.5.0"
        },
        "attrs": {
            "hashes": [
                "sha256:1c7960ccfd6a005cd9f7ba884e6316b5e430a3f1a6c37c5f87d8b43f83b54ec9",
                "sha256:a17a9573a6f475c99b551c0e0a812707ddda1ec9653bed04c13841404ed6f450"
            ],
            "version": "==17.4.0"
        },
        "chardet": {
            "hashes": [
                "sha256:84ab92ed1c4d4f16916e05906b6b75a6c0fb5db821cc65e70cbd64a3e2a5eaae",
                "sha256:fc323ffcaeaed0e0a02bf4d117757b98aed530d9ed4531e3e15460124c106691"
            ],
            "version": "==3.0.4"
        },
        "coverage": {
            "hashes": [
                "sha256:007eeef7e23f9473622f7d94a3e029a45d55a92a1f083f0f3512f5ab9a669b05",
                "sha256:0388c12539372bb92d6dde68b4627f0300d948965bbb7fc104924d715fdc0965",
                "sha256:079248312838c4c8f3494934ab7382a42d42d5f365f0cf7516f938dbb3f53f3f",
                "sha256:17307429935f96c986a1b1674f78079528833410750321d22b5fb35d1883828e",
                "sha256:1afccd7e27cac1b9617be8c769f6d8a6d363699c9b86820f40c74cfb3328921c",
                "sha256:2ad357d12971e77360034c1596011a03f50c0f9e1ecd12e081342b8d1aee2236",
                "sha256:2b4d7f03a8a6632598cbc5df15bbca9f778c43db7cf1a838f4fa2c8599a8691a",
                "sha256:2e1a5c6adebb93c3b175103c2f855eda957283c10cf937d791d81bef8872d6ca",
                "sha256:309d91bd7a35063ec7a0e4d75645488bfab3f0b66373e7722f23da7f5b0f34cc",
                "sha256:358d635b1fc22a425444d52f26287ae5aea9e96e254ff3c59c407426f44574f4",
                "sha256:3f4d0b3403d3e110d2588c275540649b1841725f5a11a7162620224155d00ba2",
                "sha256:43a155eb76025c61fc20c3d03b89ca28efa6f5be572ab6110b2fb68eda96bfea",
                "sha256:493082f104b5ca920e97a485913de254cbe351900deed72d4264571c73464cd0",
                "sha256:4c4f368ffe1c2e7602359c2c50233269f3abe1c48ca6b288dcd0fb1d1c679733",
                "sha256:5ff16548492e8a12e65ff3d55857ccd818584ed587a6c2898a9ebbe09a880674",
                "sha256:66f393e10dd866be267deb3feca39babba08ae13763e0fc7a1063cbe1f8e49f6",
                "sha256:700d7579995044dc724847560b78ac786f0ca292867447afda7727a6fbaa082e",
                "sha256:81912cfe276e0069dca99e1e4e6be7b06b5fc8342641c6b472cb2fed7de7ae18",
                "sha256:82cbd3317320aa63c65555aa4894bf33a13fb3a77f079059eb5935eea415938d",
                "sha256:845fddf89dca1e94abe168760a38271abfc2e31863fbb4ada7f9a99337d7c3dc",
                "sha256:87d942863fe74b1c3be83a045996addf1639218c2cb89c5da18c06c0fe3917ea",
                "sha256:9721f1b7275d3112dc7ccf63f0553c769f09b5c25a26ee45872c7f5c09edf6c1",
                "sha256:a4497faa4f1c0fc365ba05eaecfb6b5d24e3c8c72e95938f9524e29dadb15e76",
                "sha256:a7cfaebd8f24c2b537fa6a271229b051cdac9c1734bb6f939ccfc7c055689baa",
                "sha256:ab3508df9a92c1d3362343d235420d08e2662969b83134f8a97dc1451cbe5e84",
                "sha256:b0059630ca5c6b297690a6bf57bf2fdac1395c24b7935fd73ee64190276b743b",
                "sha256:b6cebae1502ce5b87d7c6f532fa90ab345cfbda62b95aeea4e431e164d498a3d",
                "sha256:bd4800e32b4c8d99c3a2c943f1ac430cbf80658d884123d19639bcde90dad44a",
                "sha256:cdd92dd9471e624cd1d8c1a2703d25f114b59b736b0f1f659a98414e535ffb3d",
                "sha256:d00e29b78ff610d300b2c37049a41234d48ea4f2d2581759ebcf67caaf731c31",
                "sha256:d1ee76f560c3c3e8faada866a07a32485445e16ed2206ac8378bd90dadffb9f0",
                "sha256:dd707a21332615108b736ef0b8513d3edaf12d2a7d5fc26cd04a169a8ae9b526",
                "sha256:e3ba9b14607c23623cf38f90b23f5bed4a3be87cbfa96e2e9f4eabb975d1e98b",
                "sha256:e9a0e1caed2a52f15c96507ab78a48f346c05681a49c5b003172f8073da6aa6b",
                "sha256:eea9135432428d3ca7ee9be86af27cb8e56243f73764a9b6c3e0bda1394916be",
                "sha256:f29841e865590af72c4b90d7b5b8e93fd560f5dea436c1d5ee8053788f9285de",
                "sha256:f3a5c6d054c531536a83521c00e5d4004f1e126e2e2556ce399bef4180fbe540",
                "sha256:f87f522bde5540d8a4b11df80058281ac38c44b13ce29ced1e294963dd51a8f8",
                "sha256:f8c55dd0f56d3d618dfacf129e010cbe5d5f94b6951c1b2f13ab1a2f79c284da",
                "sha256:f98b461cb59f117887aa634a66022c0bd394278245ed51189f63a036516e32de"
            ],
            "index": "pypi",
            "version": "==4.4.2"
        },
        "docopt": {
            "hashes": [
                "sha256:49b3a825280bd66b3aa83585ef59c4a8c82f2c8a522dbe754a8bc8d08c85c491"
            ],
            "version": "==0.6.2"
        },
        "e1839a8": {
            "editable": true,
            "path": "."
        },
        "hbmqtt": {
            "hashes": [
                "sha256:380a42018df78c480488659183341c369ae3cd0375914f77f979250bcacb21ae",
                "sha256:6f61e05007648a4f33e300fafcf42776ca95508ba1141799f94169427ce5018c"
            ],
            "index": "pypi",
            "version": "==0.9.2"
        },
        "idna": {
            "hashes": [
                "sha256:2c6a5de3089009e3da7c5dde64a141dbc8551d5b7f6cf4ed7c2568d0cc520a8f",
                "sha256:8c7309c718f94b3a625cb648ace320157ad16ff131ae0af362c9f21b80ef6ec4"
            ],
            "version": "==2.6"
        },
        "idna-ssl": {
            "hashes": [
                "sha256:1293f030bc608e9aa9cdee72aa93c1521bbb9c7698068c61c9ada6772162b979"
            ],
            "version": "==1.0.1"
        },
        "jsonschema": {
            "hashes": [
                "sha256:000e68abd33c972a5248544925a0cae7d1125f9bf6c58280d37546b946769a08",
                "sha256:6ff5f3180870836cae40f06fa10419f557208175f13ad7bc26caa77beb1f6e02"
            ],
            "index": "pypi",
            "version": "==2.6.0"
        },
        "motor": {
            "hashes": [
                "sha256:ed4aff66c625efe01398e8416fd1f35f00be77cc5afb242172ee3d03a0307c04"
            ],
            "index": "pypi",
            "version": "==1.2.1"
        },
        "multidict": {
            "hashes": [
                "sha256:0dcf4f2893bf22839c7bd825f688d5fe60c8eb989b4eb817103a71d7f84058e5",
                "sha256:1524bb334b605f6c7cf447e19e70d6fb96f68aefefe018bdceb9674572548c45",
                "sha256:1b93d1b72b12566a6e238acb4f547cdf6de069c5b555faabfe9071852434b61a",
                "sha256:24052724195e46872739faa10c611957bbaceae28eec92e1ce49150b115ec5ed",
                "sha256:27643705c5a04cfbf7834b914e5367618f77b2692f920c734b18f476ea328f04",
                "sha256:2b07135edc953e6a7e94d8628868715093efb015fc6a0ebf54c5ecd84064e5f8",
                "sha256:3876b617228d60d655062f9ddaecb0f770777b8ae753e661de9a7d5eb4ef2933",
                "sha256:3f11e31935d20822c977397e9ec868ab2287c82461bc74663c7df1bd8a5b61d0",
                "sha256:4e0dbf5a204c462d6b129b9598e5124077244a9b91c255c5341f679472dc54a5",
                "sha256:5a56ec27a528fce6a3fdf537929b039b8af01edec761b09f7fcde3915d3fbbe7",
                "sha256:5bd46d01a49264f059d4c7b1f26cb5cbbcacb549edb77ad5caa2070ec4bffe47",
                "sha256:6e5128658f82cd8d1830f159027c2be0af496b1b6aa710353a6c862a9285bc89",
                "sha256:6ef4cf27db3424bcc6e7f9ead3abee53bca2c3a1db5821585cb3e386ae55178f",
                "sha256:7aeccfbc7ccc29dcceca11ee295f5a267b093d90cf50808d4649d87e72bdbd89",
                "sha256:7c43ca71db568e13d301e3a6153996a3e0da5d4b19c3517d2418fa5775d2d173",
                "sha256:9deae50f23511e5639fadf8df68917027535e090b163c5bbb03e26f6a208dbfc",
                "sha256:aab8e9063ff623387f72c04b55c43211da2edd4e0db9943057522a995c330877",
                "sha256:ae1002b4c793a6b88c8208c8a312038185ffcf76a57fdbe6c5d0f62052737a65",
                "sha256:af340843de65c4d678379e8e0b5bcfd2e614da8ed666f1ba006704fe456edbba",
                "sha256:d3161a3697f8a332aa86da1402f4020499d50ccedc6eb3d8a40d5e3aca3c2afd",
                "sha256:eafe84d62e45b17c82483a6b4b1a9757c91a1d6d9511d8b32ded52936582fdcb",
                "sha256:f16c517bb33c8ce75ba5e8d5212e3591bc59f4ab837b5b9906a3ee5868180449"
            ],
            "version": "==4.2.0"
        },
        "nose": {
            "hashes": [
                "sha256:9ff7c6cc443f8c51994b34a667bbcf45afd6d945be7477b52e97516fd17c53ac",
                "sha256:dadcddc0aefbf99eea214e0f1232b94f2fa9bd98fa8353711dacb112bfcbbb2a",
                "sha256:f1bffef9cbc82628f6e7d7b40d7e255aefaa1adb6a1b1d26c69a8b79e6208a98"
            ],
            "index": "pypi",
            "version": "==1.3.7"
        },
        "nose-ignore-docstring": {
            "hashes": [
                "sha256:f58aea0e3ff5e749c3b0e09810d31b47c6d3eea81de23cdecb46de53bcd43a77"
            ],
            "index": "pypi",
            "version": "==0.2"
        },
        "passlib": {
            "hashes": [
                "sha256:3d948f64138c25633613f303bcc471126eae67c04d5e3f6b7b8ce6242f8653e0",
                "sha256:43526aea08fa32c6b6dbbbe9963c4c767285b78147b7437597f992812f69d280"
            ],
            "version": "==1.7.1"
        },
        "pijon": {
            "hashes": [
                "sha256:235a796ecd1dd5f91e4bc9ff0aa38d551ab6fe55845c442953ac66b71b6af34d"
            ],
            "index": "pypi",
            "version": "==0.1.2"
        },
        "pymongo": {
            "hashes": [
                "sha256:051770590ddbd5fb7db17d3315d4c1b0f18039d830dd18e1bae39451c30d31cd",
                "sha256:061085dfe4fbf1d9d6ed2f2e52fe6ab72559e48b4294370b433751638160d10b",
                "sha256:07fdee1c5567f237796a8550233e04853785d8dcf95929f96ab519ed91543109",
                "sha256:0d98731aaea8cb32b535c376f6785927e4e3d9459ffe1440b8a639827a849350",
                "sha256:10f683950f70626ccedf4a662d1c0b3244e8e013c2067872af5633830abd1bfd",
                "sha256:192ee5e33821931f4ec6df5fff4361220c0c92bb5b7437c6db52e20a0c9b4d98",
                "sha256:2954b99cfeb76776879e9f8a4cae9c5e19d5eff92d0b7b663ceddcf192adb66b",
                "sha256:36a992e02fced328de5304145dc3729a8cea12e58ad34b842a6f46d7941c9fc7",
                "sha256:419ed5d5b76ef304815f354d9df7f2085acfd6ff7cc1b714ca702e2239b341c2",
                "sha256:42ec201fd9a26e7c1e611e3db19324dead51dd4646391492eb238b41749340e8",
                "sha256:4400fa92af310bf66b76c313c7ded3bb63f3d63b4f43c3bfbff552cf294dc9fa",
                "sha256:44abdc26989600bb03b62d57616ec7c1b9182290720167c39e38c3a2b0d44e44",
                "sha256:45fb9f589c0f35436dbe391c53a387ffffa8d086b8521a86fca4f3e1d0edbf71",
                "sha256:4807dfbb5cdcfe0224329992dc48b897c780d0ad7553c3799d34f84ba5cab446",
                "sha256:54daf67e1e7e7e5a5160c86123bdd39b1d3b25876c2ab38230dc2a764cb3d98f",
                "sha256:5f2814a9492a724fd77c90ffc01f810276ef9972ae02587bfaae40835f9b8407",
                "sha256:5fd6ce5ed3c6c92d2c94756e6bf041304e5c7c5a5dbea31b8957d52a78bdf01d",
                "sha256:601e00fe7fb283f04c95f5dafb787c0862f48ca015a6f1f81b460c74e4303873",
                "sha256:63a47a97b5cb4c67c86552b15e08df12ff026a648211120adf5ebe00453e85e9",
                "sha256:6c4459d5c2b45ba55e14360e03078426015c1b0881facaec51bd9bd9e2304cec",
                "sha256:7fbd9233e8b6741b047c5857e2ad5efb74091f167d7fa8a2a3379217165058f9",
                "sha256:7ffac35362c07c103b024b89875e8d7f0625129b65c56fa8a3ecebbd56110405",
                "sha256:833bc6cb2ec7058dea9f5840a9314ac74738d2117486a044e88f3976e37ea7a0",
                "sha256:92cb26a2a9b38e8df5215803f950b20a6c847d5e00d1dd125eaa84f05f9472d7",
                "sha256:97d6a218c4ad4f8fdde0143776d5224e884cbcfe631e7446379fa1790d8cf04f",
                "sha256:9e5f0e8967d95a256038817460844a8aab588b9bc9ba6296507a1863960a0e44",
                "sha256:9e6db7ff63fb836d56e62216e10e868c23a99f3cb02875411eb2cb787acf58c7",
                "sha256:a0a695eef38c15570f6da3b4900e1a1d85fa92c754177d5f05267b49da79c92b",
                "sha256:aa46076524471729430afacca3dd8ad4578878eca6fc9e2b593a0b381b5bbeb7",
                "sha256:abf83b908e535b1386a7732825994e6e36eff6394c1829f3e7a23888136484fa",
                "sha256:adb2dba52c8a2a2d7bcd3b267f7bbf7c822850cf6a7cd15211b9f386c3a670ef",
                "sha256:ae7b3479822a03f6f651913de84ba67101f23e051ae88034085e974f472dcfff",
                "sha256:c596af57286ef28cae7a48e3070d222f96f5f0eab76ad39d680ae6b9bbc957c7",
                "sha256:cc15b30f0ac518e6cbd4b6e6e6162f8aa14edfe255d0841146f146151bd58865",
                "sha256:d23498d62063b715078947bef48fa4d34dc354f3b268ed15dc6b46fc809a88e9",
                "sha256:dd29bb5bc9068ccc248c8c145efd839421f04363b468b47cfa2d4902ca369afe",
                "sha256:e2745dd408a26d4517702d1686afc8e1e1638d2167e857c684f912192cc00dcf",
                "sha256:e53ad0cc6c489f83e7f6bb6121aa73bb6f6488410024a3bd77c16af1aa3a1000",
                "sha256:ecb11113407d919f8714cc7d0841985044633d0b561ef3d797e1b494a3e73537",
                "sha256:ece2c2add66d3ec2720a963bf073ca11fc3b0b58159767fc3bc5ddaad791d481",
                "sha256:ef25c8675f5c8c19832f69cd97d728d99bb4ab9c3b200e28a5c8416631afaf3c",
                "sha256:f62a818d643776873713c5676f17bd95ac4176220b13dd12c14edd3a450d1ac9",
                "sha256:f7ebcb846962ee40374db2d9014a89bea9c983ae63c1877957c3a0a756974796"
            ],
            "version": "==3.6.1"
        },
        "pyyaml": {
            "hashes": [
                "sha256:0c507b7f74b3d2dd4d1322ec8a94794927305ab4cebbe89cc47fe5e81541e6e8",
                "sha256:16b20e970597e051997d90dc2cddc713a2876c47e3d92d59ee198700c5427736",
                "sha256:3262c96a1ca437e7e4763e2843746588a965426550f3797a79fca9c6199c431f",
                "sha256:326420cbb492172dec84b0f65c80942de6cedb5233c413dd824483989c000608",
                "sha256:4474f8ea030b5127225b8894d626bb66c01cda098d47a2b0d3429b6700af9fd8",
                "sha256:592766c6303207a20efc445587778322d7f73b161bd994f227adaa341ba212ab",
                "sha256:5ac82e411044fb129bae5cfbeb3ba626acb2af31a8d17d175004b70862a741a7",
                "sha256:5f84523c076ad14ff5e6c037fe1c89a7f73a3e04cf0377cb4d017014976433f3",
                "sha256:827dc04b8fa7d07c44de11fabbc888e627fa8293b695e0f99cb544fdfa1bf0d1",
                "sha256:b4c423ab23291d3945ac61346feeb9a0dc4184999ede5e7c43e1ffb975130ae6",
                "sha256:bc6bced57f826ca7cb5125a10b23fd0f2fff3b7c4701d64c439a300ce665fff8",
                "sha256:c01b880ec30b5a6e6aa67b09a2fe3fb30473008c85cd6a67359a1b15ed6d83a4",
                "sha256:ca233c64c6e40eaa6c66ef97058cdc80e8d0157a443655baa1b2966e812807ca",
                "sha256:e863072cdf4c72eebf179342c94e6989c67185842d9997960b3e69290b2fa269"
            ],
            "version": "==3.12"
        },
        "six": {
            "hashes": [
                "sha256:70e8a77beed4562e7f14fe23a786b54f6296e34344c23bc42f07b15018ff98e9",
                "sha256:832dc0e10feb1aa2c68dcc57dbb658f1c7e65b9b61af69048abc87a2db00a0eb"
            ],
            "version": "==1.11.0"
        },
        "transitions": {
            "hashes": [
                "sha256:582e0698a9e5a6448de4516fe9e61b439d10242a0387ca9885fbfad0560dc2c6",
                "sha256:f72b6c5fcac3d1345bbf829e1a48a810255bcb4fc2c11a634af68107c378c1be"
            ],
            "version": "==0.6.5"
        },
        "tukio": {
            "hashes": [
                "sha256:18d0abb2305e6c9255d69489e4cc7f9e3ff45b1bc60df2315c33be47fbb74227"
            ],
            "index": "pypi",
            "version": "==0.15.4"
        },
        "websockets": {
            "hashes": [
                "sha256:0c31bc832d529dc7583d324eb6c836a4f362032a1902723c112cf57883488d8c",
                "sha256:1f3e5a52cab6daa3d432c7b0de0a14109be39d2bfaad033ee5de4a3d3e11dcdf",
                "sha256:341824d8c9ad53fc43cca3fa9407f294125fa258592f7676640396501448e57e",
                "sha256:367ff945bc0950ad9634591e2afe50bf2222bc4fad1088a386c4bb700888026e",
                "sha256:3859ca16c229ddb0fa21c5090e4efcb037c08ce69b0c1dfed6122c3f98cd0c22",
                "sha256:3d425ae081fb4ba1eef9ecf30472ffd79f8e868297ccc7a47993c96dbf2a819c",
                "sha256:64896a6b3368c959b8096b655e46f03dfa65b96745249f374bd6a35705cc3489",
                "sha256:6df87698022aef2596bffdfecc96d656db59c8d719708c8a471daa815ee61656",
                "sha256:80188abdadd23edaaea05ce761dc9a2e1df31a74a0533967f0dcd9560c85add0",
                "sha256:d1a0572b6edb22c9208e3e5381064e09d287d2a915f90233fef994ee7a14a935",
                "sha256:da4d4fbe059b0453e726d6d993760065d69b823a27efc3040402a6fcfe6a1ed9",
                "sha256:da7610a017f5343fdf765f4e0eb6fd0dfd08264ca1565212b110836d9367fc9c",
                "sha256:ebdd4f18fe7e3bea9bd3bf446b0f4117739478caa2c76e4f0fb72cc45b03cbd7",
                "sha256:f5192da704535a7cbf76d6e99c1ec4af7e8d1288252bf5a2385d414509ded0cf",
                "sha256:fd81af8cf3e69f9a97f3a6c0623a0527de0f922c2df725f00cd7646d478af632",
                "sha256:fecf51c13195c416c22422353b306dddb9c752e4b80b21e0fa1fccbe38246677"
            ],
            "version": "==4.0.1"
        },
        "yarl": {
            "hashes": [
                "sha256:045dbba18c9142278113d5dc62622978a6f718ba662392d406141c59b540c514",
                "sha256:17e57a495efea42bcfca08b49e16c6d89e003acd54c99c903ea1cb3de0ba1248",
                "sha256:213e8f54b4a942532d6ac32314c69a147d3b82fa1725ca05061b7c1a19a1d9b1",
                "sha256:3353fae45d93cc3e7e41bfcb1b633acc37db821d368e660b03068dbfcf68f8c8",
                "sha256:51a084ff8756811101f8b5031a14d1c2dd26c666976e1b18579c6b1c8761a102",
                "sha256:5580f22ac1298261cd24e8e584180d83e2cca9a6167113466d2d16cb2aa1f7b1",
                "sha256:64727a2593fdba5d6ef69e94eba793a196deeda7152c7bd3a64edda6b1f95f6e",
                "sha256:6e75753065c310befab71c5077a59b7cb638d2146b1cfbb1c3b8f08b51362714",
                "sha256:7236eba4911a5556b497235828e7a4bc5d90957efa63b7c4b3e744d2d2cf1b94",
                "sha256:a69dd7e262cdb265ac7d5e929d55f2f3d07baaadd158c8f19caebf8dde08dfe8",
                "sha256:d9ca55a5a297408f08e5401c23ad22bd9f580dab899212f0d5dc1830f0909404",
                "sha256:e072edbd1c5628c0b8f97d00cf6c9fcd6a4ee2b5ded10d463fcb6eaa066cf40c",
                "sha256:e9a6a319c4bbfb57618f207e86a7c519ab0f637be3d2366e4cdac271577834b8"
            ],
            "version": "==1.1.1"
        }
    }
}
